
Microsoft Visual Studio Solution File, Format Version 12.00
# Visual Studio Version 16
VisualStudioVersion = 16.0.31729.503
MinimumVisualStudioVersion = 10.0.40219.1
Project("{FAE04EC0-301F-11D3-BF4B-00C04F79EFBC}") = "LinqDemo", "LinqDemo\LinqDemo.csproj", "{616A66E2-6C02-48EC-A7C7-F801C3794329}"
EndProject
Global
	GlobalSection(SolutionConfigurationPlatforms) = preSolution
		Debug|Any CPU = Debug|Any CPU
		Release|Any CPU = Release|Any CPU
	EndGlobalSection
	GlobalSection(ProjectConfigurationPlatforms) = postSolution
		{616A66E2-6C02-48EC-A7C7-F801C3794329}.Debug|Any CPU.ActiveCfg = Debug|Any CPU
		{616A66E2-6C02-48EC-A7C7-F801C3794329}.Debug|Any CPU.Build.0 = Debug|Any CPU
		{616A66E2-6C02-48EC-A7C7-F801C3794329}.Release|Any CPU.ActiveCfg = Release|Any CPU
		{616A66E2-6C02-48EC-A7C7-F801C3794329}.Release|Any CPU.Build.0 = Release|Any CPU
	EndGlobalSection
	GlobalSection(SolutionProperties) = preSolution
		HideSolutionNode = FALSE
	EndGlobalSection
	GlobalSection(ExtensibilityGlobals) = postSolution
		SolutionGuid = {DE612656-D99A-43D5-82D4-80557947C07E}
	EndGlobalSection
EndGlobal
